
Microsoft Visual Studio Solution File, Format Version 12.00
# Visual Studio Version 17
VisualStudioVersion = 17.11.35327.3
MinimumVisualStudioVersion = 10.0.40219.1
Project("{FAE04EC0-301F-11D3-BF4B-00C04F79EFBC}") = "CandyEvent", "CandyEvent\CandyEvent.csproj", "{A54C6276-E5CF-4DCE-97FC-54EFF048DADE}"
EndProject
Global
	GlobalSection(SolutionConfigurationPlatforms) = preSolution
		Debug|Any CPU = Debug|Any CPU
		Release|Any CPU = Release|Any CPU
	EndGlobalSection
	GlobalSection(ProjectConfigurationPlatforms) = postSolution
		{A54C6276-E5CF-4DCE-97FC-54EFF048DADE}.Debug|Any CPU.ActiveCfg = Debug|Any CPU
		{A54C6276-E5CF-4DCE-97FC-54EFF048DADE}.Debug|Any CPU.Build.0 = Debug|Any CPU
		{A54C6276-E5CF-4DCE-97FC-54EFF048DADE}.Release|Any CPU.ActiveCfg = Release|Any CPU
		{A54C6276-E5CF-4DCE-97FC-54EFF048DADE}.Release|Any CPU.Build.0 = Release|Any CPU
	EndGlobalSection
	GlobalSection(SolutionProperties) = preSolution
		HideSolutionNode = FALSE
	EndGlobalSection
	GlobalSection(ExtensibilityGlobals) = postSolution
		SolutionGuid = {608B5779-AA92-4531-AB91-C7B430DCB22C}
	EndGlobalSection
EndGlobal
